
Microsoft Visual Studio Solution File, Format Version 12.00
# Visual Studio Version 16
VisualStudioVersion = 16.0.29521.150
MinimumVisualStudioVersion = 10.0.40219.1
Project("{FAE04EC0-301F-11D3-BF4B-00C04F79EFBC}") = "Restaurante", "Restaurante\Restaurante.csproj", "{3CC0AF95-008B-4BBA-8136-01554B1B5A9F}"
EndProject
Project("{FAE04EC0-301F-11D3-BF4B-00C04F79EFBC}") = "CapaDatos", "CapaDatos\CapaDatos.csproj", "{739F44EE-AC31-4B31-8370-EAABC3BE5B90}"
EndProject
Global
	GlobalSection(SolutionConfigurationPlatforms) = preSolution
		Debug|Any CPU = Debug|Any CPU
		Release|Any CPU = Release|Any CPU
	EndGlobalSection
	GlobalSection(ProjectConfigurationPlatforms) = postSolution
		{3CC0AF95-008B-4BBA-8136-01554B1B5A9F}.Debug|Any CPU.ActiveCfg = Debug|Any CPU
		{3CC0AF95-008B-4BBA-8136-01554B1B5A9F}.Debug|Any CPU.Build.0 = Debug|Any CPU
		{3CC0AF95-008B-4BBA-8136-01554B1B5A9F}.Release|Any CPU.ActiveCfg = Release|Any CPU
		{3CC0AF95-008B-4BBA-8136-01554B1B5A9F}.Release|Any CPU.Build.0 = Release|Any CPU
		{739F44EE-AC31-4B31-8370-EAABC3BE5B90}.Debug|Any CPU.ActiveCfg = Debug|Any CPU
		{739F44EE-AC31-4B31-8370-EAABC3BE5B90}.Debug|Any CPU.Build.0 = Debug|Any CPU
		{739F44EE-AC31-4B31-8370-EAABC3BE5B90}.Release|Any CPU.ActiveCfg = Release|Any CPU
		{739F44EE-AC31-4B31-8370-EAABC3BE5B90}.Release|Any CPU.Build.0 = Release|Any CPU
	EndGlobalSection
	GlobalSection(SolutionProperties) = preSolution
		HideSolutionNode = FALSE
	EndGlobalSection
	GlobalSection(ExtensibilityGlobals) = postSolution
		SolutionGuid = {4BA05C55-B852-4A54-80DE-653C94B393AD}
	EndGlobalSection
EndGlobal
